
Microsoft Visual Studio Solution File, Format Version 12.00
# Visual Studio Version 16
VisualStudioVersion = 16.0.29926.136
MinimumVisualStudioVersion = 10.0.40219.1
Project("{9A19103F-16F7-4668-BE54-9A1E7A4F7556}") = "TimeZoneWebApi", "TimeZoneWebApi.csproj", "{144AA9B3-290D-4273-8FF5-9D90BEA59BFE}"
EndProject
Global
	GlobalSection(SolutionConfigurationPlatforms) = preSolution
		Debug|Any CPU = Debug|Any CPU
		Release|Any CPU = Release|Any CPU
	EndGlobalSection
	GlobalSection(ProjectConfigurationPlatforms) = postSolution
		{144AA9B3-290D-4273-8FF5-9D90BEA59BFE}.Debug|Any CPU.ActiveCfg = Debug|Any CPU
		{144AA9B3-290D-4273-8FF5-9D90BEA59BFE}.Debug|Any CPU.Build.0 = Debug|Any CPU
		{144AA9B3-290D-4273-8FF5-9D90BEA59BFE}.Release|Any CPU.ActiveCfg = Release|Any CPU
		{144AA9B3-290D-4273-8FF5-9D90BEA59BFE}.Release|Any CPU.Build.0 = Release|Any CPU
	EndGlobalSection
	GlobalSection(SolutionProperties) = preSolution
		HideSolutionNode = FALSE
	EndGlobalSection
	GlobalSection(ExtensibilityGlobals) = postSolution
		SolutionGuid = {A2BB447E-7142-467A-A06A-F1495800D4A7}
	EndGlobalSection
EndGlobal
